
Microsoft Visual Studio Solution File, Format Version 12.00
# Visual Studio Version 17
VisualStudioVersion = 17.5.33424.131
MinimumVisualStudioVersion = 10.0.40219.1
Project("{FAE04EC0-301F-11D3-BF4B-00C04F79EFBC}") = "TrainingSystemWebApi", "TrainingSystemWebApi\TrainingSystemWebApi.csproj", "{13AA66B0-7983-4AAE-B486-58B79036FA82}"
EndProject
Global
	GlobalSection(SolutionConfigurationPlatforms) = preSolution
		Debug|Any CPU = Debug|Any CPU
		Release|Any CPU = Release|Any CPU
	EndGlobalSection
	GlobalSection(ProjectConfigurationPlatforms) = postSolution
		{13AA66B0-7983-4AAE-B486-58B79036FA82}.Debug|Any CPU.ActiveCfg = Debug|Any CPU
		{13AA66B0-7983-4AAE-B486-58B79036FA82}.Debug|Any CPU.Build.0 = Debug|Any CPU
		{13AA66B0-7983-4AAE-B486-58B79036FA82}.Release|Any CPU.ActiveCfg = Release|Any CPU
		{13AA66B0-7983-4AAE-B486-58B79036FA82}.Release|Any CPU.Build.0 = Release|Any CPU
	EndGlobalSection
	GlobalSection(SolutionProperties) = preSolution
		HideSolutionNode = FALSE
	EndGlobalSection
	GlobalSection(ExtensibilityGlobals) = postSolution
		SolutionGuid = {CF1B84E9-A969-4C29-A6F8-3E1A74C4C03E}
	EndGlobalSection
EndGlobal
